{
  "name": "react-spa",
  "version": "0.1.1",
  "lockfileVersion": 2,
  "requires": true,
  "packages": {
    "": {
      "name": "react-spa",
      "version": "0.1.1",
      "dependencies": {
        "create-vue": "^3.5.0"
      },
      "devDependencies": {},
      "engines": {
        "node": ">=16.6.2"
      }
    },
    "node_modules/create-vue": {
      "version": "3.5.0",
      "resolved": "https://registry.npmjs.org/create-vue/-/create-vue-3.5.0.tgz",
      "integrity": "sha512-zMT+tOOeAgwG5yYpsJOyUbDdlfZWOhmoH21Po/PHAREaGaakLl1Vv1ub9KY79DHWjWtnBxZtX+/KyrtnjHz6ug==",
      "bin": {
        "create-vue": "outfile.cjs"
      },
      "engines": {
        "node": "^14.18.0 || >=16.0.0"
      }
    }
  },
  "dependencies": {
    "create-vue": {
      "version": "3.5.0",
      "resolved": "https://registry.npmjs.org/create-vue/-/create-vue-3.5.0.tgz",
      "integrity": "sha512-zMT+tOOeAgwG5yYpsJOyUbDdlfZWOhmoH21Po/PHAREaGaakLl1Vv1ub9KY79DHWjWtnBxZtX+/KyrtnjHz6ug=="
    }
  }
}
